{
  "name": "mari",
  "version": "0.1.0-mvp",
  "lockfileVersion": 3,
  "requires": true,
  "packages": {
    "": {
      "name": "mari",
      "version": "0.1.0-mvp",
      "license": "Apache-2.0",
      "bin": {
        "mari": "cli/bin/cli.js"
      },
      "engines": {
        "node": ">=18"
      }
    }
  }
}
